
Microsoft Visual Studio Solution File, Format Version 12.00
# Visual Studio Version 17
VisualStudioVersion = 17.7.34202.233
MinimumVisualStudioVersion = 10.0.40219.1
Project("{FAE04EC0-301F-11D3-BF4B-00C04F79EFBC}") = "dz02.04", "dz02.04\dz02.04.csproj", "{94D3CC52-4EB6-48D6-9841-569E7186481D}"
EndProject
Global
	GlobalSection(SolutionConfigurationPlatforms) = preSolution
		Debug|Any CPU = Debug|Any CPU
		Release|Any CPU = Release|Any CPU
	EndGlobalSection
	GlobalSection(ProjectConfigurationPlatforms) = postSolution
		{94D3CC52-4EB6-48D6-9841-569E7186481D}.Debug|Any CPU.ActiveCfg = Debug|Any CPU
		{94D3CC52-4EB6-48D6-9841-569E7186481D}.Debug|Any CPU.Build.0 = Debug|Any CPU
		{94D3CC52-4EB6-48D6-9841-569E7186481D}.Release|Any CPU.ActiveCfg = Release|Any CPU
		{94D3CC52-4EB6-48D6-9841-569E7186481D}.Release|Any CPU.Build.0 = Release|Any CPU
	EndGlobalSection
	GlobalSection(SolutionProperties) = preSolution
		HideSolutionNode = FALSE
	EndGlobalSection
	GlobalSection(ExtensibilityGlobals) = postSolution
		SolutionGuid = {533FAD13-FEDB-4449-BF5F-FA1005C96CAA}
	EndGlobalSection
EndGlobal
